
Microsoft Visual Studio Solution File, Format Version 12.00
# Visual Studio Version 17
VisualStudioVersion = 17.5.33516.290
MinimumVisualStudioVersion = 10.0.40219.1
Project("{FAE04EC0-301F-11D3-BF4B-00C04F79EFBC}") = "SwiftCode.BBS.API", "SwiftCode.BBS.API\SwiftCode.BBS.API.csproj", "{6BCB5F7D-40E1-42E8-9986-15027F77E2AB}"
EndProject
Project("{FAE04EC0-301F-11D3-BF4B-00C04F79EFBC}") = "SwiftCode.BBS.IRepostories", "SwiftCode.BBS.IRepostories\SwiftCode.BBS.IRepostories.csproj", "{DD4BFE33-6F1B-4478-8C74-2981FE5B43B8}"
EndProject
Project("{FAE04EC0-301F-11D3-BF4B-00C04F79EFBC}") = "SwiftCode.BBS.Repostories", "SwiftCode.BBS.Repostories\SwiftCode.BBS.Repostories.csproj", "{6A6DF50E-1344-4994-AD33-4223BD529414}"
EndProject
Project("{FAE04EC0-301F-11D3-BF4B-00C04F79EFBC}") = "SwiftCode.BBS.IServices", "SwiftCode.BBS.IServices\SwiftCode.BBS.IServices.csproj", "{BC0B68FB-EDE2-430F-B515-C045AD0F2E45}"
EndProject
Project("{FAE04EC0-301F-11D3-BF4B-00C04F79EFBC}") = "SWiftCode.BBS.Services", "SWiftCode.BBS.Services\SWiftCode.BBS.Services.csproj", "{E5BC3D9A-7FDD-4287-AFB8-153943969CC8}"
EndProject
Project("{FAE04EC0-301F-11D3-BF4B-00C04F79EFBC}") = "SwiftCode.BBS.Model", "SwiftCode.BBS.Model\SwiftCode.BBS.Model.csproj", "{D06D1D7C-94B0-4F2C-9FFA-683032792147}"
EndProject
Global
	GlobalSection(SolutionConfigurationPlatforms) = preSolution
		Debug|Any CPU = Debug|Any CPU
		Release|Any CPU = Release|Any CPU
	EndGlobalSection
	GlobalSection(ProjectConfigurationPlatforms) = postSolution
		{6BCB5F7D-40E1-42E8-9986-15027F77E2AB}.Debug|Any CPU.ActiveCfg = Debug|Any CPU
		{6BCB5F7D-40E1-42E8-9986-15027F77E2AB}.Debug|Any CPU.Build.0 = Debug|Any CPU
		{6BCB5F7D-40E1-42E8-9986-15027F77E2AB}.Release|Any CPU.ActiveCfg = Release|Any CPU
		{6BCB5F7D-40E1-42E8-9986-15027F77E2AB}.Release|Any CPU.Build.0 = Release|Any CPU
		{DD4BFE33-6F1B-4478-8C74-2981FE5B43B8}.Debug|Any CPU.ActiveCfg = Debug|Any CPU
		{DD4BFE33-6F1B-4478-8C74-2981FE5B43B8}.Debug|Any CPU.Build.0 = Debug|Any CPU
		{DD4BFE33-6F1B-4478-8C74-2981FE5B43B8}.Release|Any CPU.ActiveCfg = Release|Any CPU
		{DD4BFE33-6F1B-4478-8C74-2981FE5B43B8}.Release|Any CPU.Build.0 = Release|Any CPU
		{6A6DF50E-1344-4994-AD33-4223BD529414}.Debug|Any CPU.ActiveCfg = Debug|Any CPU
		{6A6DF50E-1344-4994-AD33-4223BD529414}.Debug|Any CPU.Build.0 = Debug|Any CPU
		{6A6DF50E-1344-4994-AD33-4223BD529414}.Release|Any CPU.ActiveCfg = Release|Any CPU
		{6A6DF50E-1344-4994-AD33-4223BD529414}.Release|Any CPU.Build.0 = Release|Any CPU
		{BC0B68FB-EDE2-430F-B515-C045AD0F2E45}.Debug|Any CPU.ActiveCfg = Debug|Any CPU
		{BC0B68FB-EDE2-430F-B515-C045AD0F2E45}.Debug|Any CPU.Build.0 = Debug|Any CPU
		{BC0B68FB-EDE2-430F-B515-C045AD0F2E45}.Release|Any CPU.ActiveCfg = Release|Any CPU
		{BC0B68FB-EDE2-430F-B515-C045AD0F2E45}.Release|Any CPU.Build.0 = Release|Any CPU
		{E5BC3D9A-7FDD-4287-AFB8-153943969CC8}.Debug|Any CPU.ActiveCfg = Debug|Any CPU
		{E5BC3D9A-7FDD-4287-AFB8-153943969CC8}.Debug|Any CPU.Build.0 = Debug|Any CPU
		{E5BC3D9A-7FDD-4287-AFB8-153943969CC8}.Release|Any CPU.ActiveCfg = Release|Any CPU
		{E5BC3D9A-7FDD-4287-AFB8-153943969CC8}.Release|Any CPU.Build.0 = Release|Any CPU
		{D06D1D7C-94B0-4F2C-9FFA-683032792147}.Debug|Any CPU.ActiveCfg = Debug|Any CPU
		{D06D1D7C-94B0-4F2C-9FFA-683032792147}.Debug|Any CPU.Build.0 = Debug|Any CPU
		{D06D1D7C-94B0-4F2C-9FFA-683032792147}.Release|Any CPU.ActiveCfg = Release|Any CPU
		{D06D1D7C-94B0-4F2C-9FFA-683032792147}.Release|Any CPU.Build.0 = Release|Any CPU
	EndGlobalSection
	GlobalSection(SolutionProperties) = preSolution
		HideSolutionNode = FALSE
	EndGlobalSection
	GlobalSection(ExtensibilityGlobals) = postSolution
		SolutionGuid = {7686DE7E-520E-4BF0-B2F0-6653202576B6}
	EndGlobalSection
EndGlobal
